# This file is automatically @generated by Cargo.
# It is not intended for manual editing.
version = 3

[[package]]
name = "agent_47"
version = "0.1.0"
dependencies = [
 "static_vcruntime",
 "windows",
]

[[package]]
name = "static_vcruntime"
version = "1.5.1"
source = "registry+https://github.com/rust-lang/crates.io-index"
checksum = "a88c15d6fe7210ea80c578b53855615fdea0188e1630b6d9c377e1b2f2c098fa"

[[package]]
name = "windows"
version = "0.37.0"
source = "registry+https://github.com/rust-lang/crates.io-index"
checksum = "57b543186b344cc61c85b5aab0d2e3adf4e0f99bc076eff9aa5927bcc0b8a647"
dependencies = [
 "windows_aarch64_msvc",
 "windows_i686_gnu",
 "windows_i686_msvc",
 "windows_x86_64_gnu",
 "windows_x86_64_msvc",
]

[[package]]
name = "windows_aarch64_msvc"
version = "0.37.0"
source = "registry+https://github.com/rust-lang/crates.io-index"
checksum = "2623277cb2d1c216ba3b578c0f3cf9cdebeddb6e66b1b218bb33596ea7769c3a"

[[package]]
name = "windows_i686_gnu"
version = "0.37.0"
source = "registry+https://github.com/rust-lang/crates.io-index"
checksum = "d3925fd0b0b804730d44d4b6278c50f9699703ec49bcd628020f46f4ba07d9e1"

[[package]]
name = "windows_i686_msvc"
version = "0.37.0"
source = "registry+https://github.com/rust-lang/crates.io-index"
checksum = "ce907ac74fe331b524c1298683efbf598bb031bc84d5e274db2083696d07c57c"

[[package]]
name = "windows_x86_64_gnu"
version = "0.37.0"
source = "registry+https://github.com/rust-lang/crates.io-index"
checksum = "2babfba0828f2e6b32457d5341427dcbb577ceef556273229959ac23a10af33d"

[[package]]
name = "windows_x86_64_msvc"
version = "0.37.0"
source = "registry+https://github.com/rust-lang/crates.io-index"
checksum = "f4dd6dc7df2d84cf7b33822ed5b86318fb1781948e9663bacd047fc9dd52259d"
